
Microsoft Visual Studio Solution File, Format Version 12.00
# Visual Studio Version 17
VisualStudioVersion = 17.2.32526.322
MinimumVisualStudioVersion = 10.0.40219.1
Project("{FAE04EC0-301F-11D3-BF4B-00C04F79EFBC}") = "BradyHaden", "BradyHaden.csproj", "{37D50C9B-0EA2-41DE-A8CA-8F2A06C1F777}"
EndProject
Global
	GlobalSection(SolutionConfigurationPlatforms) = preSolution
		Debug|Any CPU = Debug|Any CPU
		Release|Any CPU = Release|Any CPU
	EndGlobalSection
	GlobalSection(ProjectConfigurationPlatforms) = postSolution
		{37D50C9B-0EA2-41DE-A8CA-8F2A06C1F777}.Debug|Any CPU.ActiveCfg = Debug|Any CPU
		{37D50C9B-0EA2-41DE-A8CA-8F2A06C1F777}.Debug|Any CPU.Build.0 = Debug|Any CPU
		{37D50C9B-0EA2-41DE-A8CA-8F2A06C1F777}.Release|Any CPU.ActiveCfg = Release|Any CPU
		{37D50C9B-0EA2-41DE-A8CA-8F2A06C1F777}.Release|Any CPU.Build.0 = Release|Any CPU
	EndGlobalSection
	GlobalSection(SolutionProperties) = preSolution
		HideSolutionNode = FALSE
	EndGlobalSection
	GlobalSection(ExtensibilityGlobals) = postSolution
		SolutionGuid = {BCD4EC3C-5DC9-48FC-A680-9D5E7515EEAD}
	EndGlobalSection
EndGlobal
